<?xml version="1.0" encoding="utf-8"?>
<Project ToolsVersion="4.0" xmlns="http://schemas.microsoft.com/developer/msbuild/2003">
  <ItemGroup>
    <Filter Include="Source Files">
      <UniqueIdentifier>{4FC737F1-C7A5-4376-A066-2A32D752A2FF}</UniqueIdentifier>
      <Extensions>cpp;c;cc;cxx;c++;cppm;ixx;def;odl;idl;hpj;bat;asm;asmx</Extensions>
    </Filter>
    <Filter Include="Header Files">
      <UniqueIdentifier>{93995380-89BD-4b04-88EB-625FBE52EBFB}</UniqueIdentifier>
      <Extensions>h;hh;hpp;hxx;h++;hm;inl;inc;ipp;xsd</Extensions>
    </Filter>
    <Filter Include="Resource Files">
      <UniqueIdentifier>{67DA6AB6-F800-4c08-8B7A-83BB121AAD01}</UniqueIdentifier>
      <Extensions>rc;ico;cur;bmp;dlg;rc2;rct;bin;rgs;gif;jpg;jpeg;jpe;resx;tiff;tif;png;wav;mfcribbon-ms</Extensions>
    </Filter>
    <Filter Include="Dear ImGui">
      <UniqueIdentifier>{8949be07-4971-4df1-9dde-11b73a737374}</UniqueIdentifier>
    </Filter>
  </ItemGroup>
  <ItemGroup>
    <ClInclude Include="EnqueuedJob.h">
      <Filter>Header Files</Filter>
    </ClInclude>
    <ClInclude Include="FrameResourceContext.h">
      <Filter>Header Files</Filter>
    </ClInclude>
    <ClInclude Include="FrameResource.h">
      <Filter>Header Files</Filter>
    </ClInclude>
    <ClInclude Include="FrameResourceBarrier.h">
      <Filter>Header Files</Filter>
    </ClInclude>
    <ClInclude Include="FrameResourceIdentifier.h">
      <Filter>Header Files</Filter>
    </ClInclude>
    <ClInclude Include="QueueContext.h">
      <Filter>Header Files</Filter>
    </ClInclude>
    <ClInclude Include="QueueJob.h">
      <Filter>Header Files</Filter>
    </ClInclude>
    <ClInclude Include="RenderQueue.h">
      <Filter>Header Files</Filter>
    </ClInclude>
    <ClInclude Include="ManagedDescriptorHeap.h">
      <Filter>Header Files</Filter>
    </ClInclude>
    <ClInclude Include="ManagedResourceCategories.h">
      <Filter>Header Files</Filter>
    </ClInclude>
    <ClInclude Include="Blackboard.h">
      <Filter>Header Files</Filter>
    </ClInclude>
    <ClInclude Include="LocalResourceAllocator.h">
      <Filter>Header Files</Filter>
    </ClInclude>
    <ClInclude Include="InnerLocalAllocator.h">
      <Filter>Header Files</Filter>
    </ClInclude>
    <ClInclude Include="LocalResourceDesc.h">
      <Filter>Header Files</Filter>
    </ClInclude>
    <ClInclude Include="TransientResourceAllocator.h">
      <Filter>Header Files</Filter>
    </ClInclude>
    <ClInclude Include="TransientResourceDesc.h">
      <Filter>Header Files</Filter>
    </ClInclude>
    <ClInclude Include="FrameSetupContext.h">
      <Filter>Header Files</Filter>
    </ClInclude>
    <ClInclude Include="ResourceIdentifiers.h">
      <Filter>Header Files</Filter>
    </ClInclude>
    <ClInclude Include="Renderer.h">
      <Filter>Header Files</Filter>
    </ClInclude>
    <ClInclude Include="ManagedDevice.h">
      <Filter>Header Files</Filter>
    </ClInclude>
    <ClInclude Include="ManagedSwapChain.h">
      <Filter>Header Files</Filter>
    </ClInclude>
    <ClInclude Include="RenderWindow.h">
      <Filter>Header Files</Filter>
    </ClInclude>
    <ClInclude Include="ManagedFence.h">
      <Filter>Header Files</Filter>
    </ClInclude>
    <ClInclude Include="ManagedCommandAllocator.h">
      <Filter>Header Files</Filter>
    </ClInclude>
    <ClInclude Include="CategoryIdentifiers.h">
      <Filter>Header Files</Filter>
    </ClInclude>
    <ClInclude Include="FramePreparationContext.h">
      <Filter>Header Files</Filter>
    </ClInclude>
    <ClInclude Include="RenderQueueTimerCPU.h">
      <Filter>Header Files</Filter>
    </ClInclude>
    <ClInclude Include="RenderQueueTimerGPU.h">
      <Filter>Header Files</Filter>
    </ClInclude>
    <ClInclude Include="ImguiContext.h">
      <Filter>Header Files</Filter>
    </ClInclude>
    <ClInclude Include="Dear ImGui\imconfig.h">
      <Filter>Dear ImGui</Filter>
    </ClInclude>
    <ClInclude Include="Dear ImGui\imgui.h">
      <Filter>Dear ImGui</Filter>
    </ClInclude>
    <ClInclude Include="Dear ImGui\imgui_impl_dx12.h">
      <Filter>Dear ImGui</Filter>
    </ClInclude>
    <ClInclude Include="Dear ImGui\imgui_impl_win32.h">
      <Filter>Dear ImGui</Filter>
    </ClInclude>
    <ClInclude Include="Dear ImGui\imgui_internal.h">
      <Filter>Dear ImGui</Filter>
    </ClInclude>
    <ClInclude Include="Dear ImGui\imstb_rectpack.h">
      <Filter>Dear ImGui</Filter>
    </ClInclude>
    <ClInclude Include="Dear ImGui\imstb_textedit.h">
      <Filter>Dear ImGui</Filter>
    </ClInclude>
    <ClInclude Include="Dear ImGui\imstb_truetype.h">
      <Filter>Dear ImGui</Filter>
    </ClInclude>
    <ClInclude Include="Dear ImGui\imgui_stdlib.h">
      <Filter>Dear ImGui</Filter>
    </ClInclude>
  </ItemGroup>
  <ItemGroup>
    <ClCompile Include="InnerLocalAllocator.cpp">
      <Filter>Source Files</Filter>
    </ClCompile>
    <ClCompile Include="LocalResourceDesc.cpp">
      <Filter>Source Files</Filter>
    </ClCompile>
    <ClCompile Include="TransientResourceAllocator.cpp">
      <Filter>Source Files</Filter>
    </ClCompile>
    <ClCompile Include="TransientResourceDesc.cpp">
      <Filter>Source Files</Filter>
    </ClCompile>
    <ClCompile Include="FrameResource.cpp">
      <Filter>Source Files</Filter>
    </ClCompile>
    <ClCompile Include="FrameResourceBarrier.cpp">
      <Filter>Source Files</Filter>
    </ClCompile>
    <ClCompile Include="FrameSetupContext.cpp">
      <Filter>Source Files</Filter>
    </ClCompile>
    <ClCompile Include="ManagedDevice.cpp">
      <Filter>Source Files</Filter>
    </ClCompile>
    <ClCompile Include="ManagedFence.cpp">
      <Filter>Source Files</Filter>
    </ClCompile>
    <ClCompile Include="ManagedCommandAllocator.cpp">
      <Filter>Source Files</Filter>
    </ClCompile>
    <ClCompile Include="RenderQueueTimerCPU.cpp">
      <Filter>Source Files</Filter>
    </ClCompile>
    <ClCompile Include="Dear ImGui\imgui.cpp">
      <Filter>Dear ImGui</Filter>
    </ClCompile>
    <ClCompile Include="Dear ImGui\imgui_draw.cpp">
      <Filter>Dear ImGui</Filter>
    </ClCompile>
    <ClCompile Include="Dear ImGui\imgui_impl_dx12.cpp">
      <Filter>Dear ImGui</Filter>
    </ClCompile>
    <ClCompile Include="Dear ImGui\imgui_impl_win32.cpp">
      <Filter>Dear ImGui</Filter>
    </ClCompile>
    <ClCompile Include="Dear ImGui\imgui_tables.cpp">
      <Filter>Dear ImGui</Filter>
    </ClCompile>
    <ClCompile Include="Dear ImGui\imgui_widgets.cpp">
      <Filter>Dear ImGui</Filter>
    </ClCompile>
    <ClCompile Include="ImguiContext.cpp">
      <Filter>Source Files</Filter>
    </ClCompile>
    <ClCompile Include="Dear ImGui\imgui_stdlib.cpp">
      <Filter>Dear ImGui</Filter>
    </ClCompile>
  </ItemGroup>
</Project>